
Microsoft Visual Studio Solution File, Format Version 12.00
# Visual Studio Version 17
VisualStudioVersion = 17.14.37216.2 d17.14
MinimumVisualStudioVersion = 10.0.40219.1
Project("{FAE04EC0-301F-11D3-BF4B-00C04F79EFBC}") = "ExamControl2", "ExamControl2.csproj", "{26A96FD1-0DBF-4ABC-999F-AAE60D9BF842}"
EndProject
Global
	GlobalSection(SolutionConfigurationPlatforms) = preSolution
		Debug|Any CPU = Debug|Any CPU
		Release|Any CPU = Release|Any CPU
	EndGlobalSection
	GlobalSection(ProjectConfigurationPlatforms) = postSolution
		{26A96FD1-0DBF-4ABC-999F-AAE60D9BF842}.Debug|Any CPU.ActiveCfg = Debug|Any CPU
		{26A96FD1-0DBF-4ABC-999F-AAE60D9BF842}.Debug|Any CPU.Build.0 = Debug|Any CPU
		{26A96FD1-0DBF-4ABC-999F-AAE60D9BF842}.Release|Any CPU.ActiveCfg = Release|Any CPU
		{26A96FD1-0DBF-4ABC-999F-AAE60D9BF842}.Release|Any CPU.Build.0 = Release|Any CPU
	EndGlobalSection
	GlobalSection(SolutionProperties) = preSolution
		HideSolutionNode = FALSE
	EndGlobalSection
	GlobalSection(ExtensibilityGlobals) = postSolution
		SolutionGuid = {8162AD2A-0B6C-4C3E-BB1B-B5AC1BB34E2B}
	EndGlobalSection
EndGlobal
